
Microsoft Visual Studio Solution File, Format Version 12.00
# Visual Studio 15
VisualStudioVersion = 15.0.27130.2036
MinimumVisualStudioVersion = 10.0.40219.1
Project("{E24C65DC-7377-472B-9ABA-BC803B73C61A}") = "CSC289Test", "CSC289Test\", "{25C669AF-B99E-4214-85D0-811BA544DDA6}"
	ProjectSection(WebsiteProperties) = preProject
		TargetFrameworkMoniker = ".NETFramework,Version%3Dv4.5.2"
		Debug.AspNetCompiler.VirtualPath = "/localhost_50763"
		Debug.AspNetCompiler.PhysicalPath = "F:\CSC289Website\CSC289Test\"
		Debug.AspNetCompiler.TargetPath = "PrecompiledWeb\localhost_50763\"
		Debug.AspNetCompiler.Updateable = "true"
		Debug.AspNetCompiler.ForceOverwrite = "true"
		Debug.AspNetCompiler.FixedNames = "false"
		Debug.AspNetCompiler.Debug = "True"
		Release.AspNetCompiler.VirtualPath = "/localhost_50763"
		Release.AspNetCompiler.PhysicalPath = "F:\CSC289Website\CSC289Test\"
		Release.AspNetCompiler.TargetPath = "PrecompiledWeb\localhost_50763\"
		Release.AspNetCompiler.Updateable = "true"
		Release.AspNetCompiler.ForceOverwrite = "true"
		Release.AspNetCompiler.FixedNames = "false"
		Release.AspNetCompiler.Debug = "False"
		VWDPort = "50763"
	EndProjectSection
EndProject
Global
	GlobalSection(SolutionConfigurationPlatforms) = preSolution
		Debug|Any CPU = Debug|Any CPU
	EndGlobalSection
	GlobalSection(ProjectConfigurationPlatforms) = postSolution
		{25C669AF-B99E-4214-85D0-811BA544DDA6}.Debug|Any CPU.ActiveCfg = Debug|Any CPU
		{25C669AF-B99E-4214-85D0-811BA544DDA6}.Debug|Any CPU.Build.0 = Debug|Any CPU
	EndGlobalSection
	GlobalSection(SolutionProperties) = preSolution
		HideSolutionNode = FALSE
	EndGlobalSection
	GlobalSection(ExtensibilityGlobals) = postSolution
		SolutionGuid = {9200D83C-F845-4709-861E-F99C539686B4}
	EndGlobalSection
EndGlobal
